// !$*UTF8*$!
{
	archiveVersion = 1;
	classes = {
	};
	objectVersion = 48;
	objects = {

/* Begin PBXBuildFile section */
		94CAF7CC2024F60C00D3660F /* AppDelegate.swift in Sources */ = {isa = PBXBuildFile; fileRef = 94CAF7CB2024F60C00D3660F /* AppDelegate.swift */; };
		94CAF7CE2024F60C00D3660F /* ViewController.swift in Sources */ = {isa = PBXBuildFile; fileRef = 94CAF7CD2024F60C00D3660F /* ViewController.swift */; };
		94CAF7D12024F60C00D3660F /* Main.storyboard in Resources */ = {isa = PBXBuildFile; fileRef = 94CAF7CF2024F60C00D3660F /* Main.storyboard */; };
		94CAF7D32024F60C00D3660F /* Assets.xcassets in Resources */ = {isa = PBXBuildFile; fileRef = 94CAF7D22024F60C00D3660F /* Assets.xcassets */; };
		94CAF7D62024F60C00D3660F /* LaunchScreen.storyboard in Resources */ = {isa = PBXBuildFile; fileRef = 94CAF7D42024F60C00D3660F /* LaunchScreen.storyboard */; };
		94CAF7E12024F60C00D3660F /* Power_Animals_UnleashedTests.swift in Sources */ = {isa = PBXBuildFile; fileRef = 94CAF7E02024F60C00D3660F /* Power_Animals_UnleashedTests.swift */; };
		94CAF7EC2024F60C00D3660F /* Power_Animals_UnleashedUITests.swift in Sources */ = {isa = PBXBuildFile; fileRef = 94CAF7EB2024F60C00D3660F /* Power_Animals_UnleashedUITests.swift */; };
/* End PBXBuildFile section */

/* Begin PBXContainerItemProxy section */
		94CAF7DD2024F60C00D3660F /* PBXContainerItemProxy */ = {
			isa = PBXContainerItemProxy;
			containerPortal = 94CAF7C02024F60C00D3660F /* Project object */;
			proxyType = 1;
			remoteGlobalIDString = 94CAF7C72024F60C00D3660F;
			remoteInfo = "Power Animals Unleashed";
		};
		94CAF7E82024F60C00D3660F /* PBXContainerItemProxy */ = {
			isa = PBXContainerItemProxy;
			containerPortal = 94CAF7C02024F60C00D3660F /* Project object */;
			proxyType = 1;
			remoteGlobalIDString = 94CAF7C72024F60C00D3660F;
			remoteInfo = "Power Animals Unleashed";
		};
/* End PBXContainerItemProxy section */

/* Begin PBXFileReference section */
		94CAF7C82024F60C00D3660F /* Power Animals Unleashed.app */ = {isa = PBXFileReference; explicitFileType = wrapper.application; includeInIndex = 0; path = "Power Animals Unleashed.app"; sourceTree = BUILT_PRODUCTS_DIR; };
		94CAF7CB2024F60C00D3660F /* AppDelegate.swift */ = {isa = PBXFileReference; lastKnownFileType = sourcecode.swift; path = AppDelegate.swift; sourceTree = "<group>"; };
		94CAF7CD2024F60C00D3660F /* ViewController.swift */ = {isa = PBXFileReference; lastKnownFileType = sourcecode.swift; path = ViewController.swift; sourceTree = "<group>"; };
		94CAF7D02024F60C00D3660F /* Base */ = {isa = PBXFileReference; lastKnownFileType = file.storyboard; name = Base; path = Base.lproj/Main.storyboard; sourceTree = "<group>"; };
		94CAF7D22024F60C00D3660F /* Assets.xcassets */ = {isa = PBXFileReference; lastKnownFileType = folder.assetcatalog; path = Assets.xcassets; sourceTree = "<group>"; };
		94CAF7D52024F60C00D3660F /* Base */ = {isa = PBXFileReference; lastKnownFileType = file.storyboard; name = Base; path = Base.lproj/LaunchScreen.storyboard; sourceTree = "<group>"; };
		94CAF7D72024F60C00D3660F /* Info.plist */ = {isa = PBXFileReference; lastKnownFileType = text.plist.xml; path = Info.plist; sourceTree = "<group>"; };
		94CAF7DC2024F60C00D3660F /* Power Animals UnleashedTests.xctest */ = {isa = PBXFileReference; explicitFileType = wrapper.cfbundle; includeInIndex = 0; path = "Power Animals UnleashedTests.xctest"; sourceTree = BUILT_PRODUCTS_DIR; };
		94CAF7E02024F60C00D3660F /* Power_Animals_UnleashedTests.swift */ = {isa = PBXFileReference; lastKnownFileType = sourcecode.swift; path = Power_Animals_UnleashedTests.swift; sourceTree = "<group>"; };
		94CAF7E22024F60C00D3660F /* Info.plist */ = {isa = PBXFileReference; lastKnownFileType = text.plist.xml; path = Info.plist; sourceTree = "<group>"; };
		94CAF7E72024F60C00D3660F /* Power Animals UnleashedUITests.xctest */ = {isa = PBXFileReference; explicitFileType = wrapper.cfbundle; includeInIndex = 0; path = "Power Animals UnleashedUITests.xctest"; sourceTree = BUILT_PRODUCTS_DIR; };
		94CAF7EB2024F60C00D3660F /* Power_Animals_UnleashedUITests.swift */ = {isa = PBXFileReference; lastKnownFileType = sourcecode.swift; path = Power_Animals_UnleashedUITests.swift; sourceTree = "<group>"; };
		94CAF7ED2024F60C00D3660F /* Info.plist */ = {isa = PBXFileReference; lastKnownFileType = text.plist.xml; path = Info.plist; sourceTree = "<group>"; };
/* End PBXFileReference section */

/* Begin PBXFrameworksBuildPhase section */
		94CAF7C52024F60C00D3660F /* Frameworks */ = {
			isa = PBXFrameworksBuildPhase;
			buildActionMask = 2147483647;
			files = (
			);
			runOnlyForDeploymentPostprocessing = 0;
		};
		94CAF7D92024F60C00D3660F /* Frameworks */ = {
			isa = PBXFrameworksBuildPhase;
			buildActionMask = 2147483647;
			files = (
			);
			runOnlyForDeploymentPostprocessing = 0;
		};
		94CAF7E42024F60C00D3660F /* Frameworks */ = {
			isa = PBXFrameworksBuildPhase;
			buildActionMask = 2147483647;
			files = (
			);
			runOnlyForDeploymentPostprocessing = 0;
		};
/* End PBXFrameworksBuildPhase section */

/* Begin PBXGroup section */
		94CAF7BF2024F60C00D3660F = {
			isa = PBXGroup;
			children = (
				94CAF7CA2024F60C00D3660F /* Power Animals Unleashed */,
				94CAF7DF2024F60C00D3660F /* Power Animals UnleashedTests */,
				94CAF7EA2024F60C00D3660F /* Power Animals UnleashedUITests */,
				94CAF7C92024F60C00D3660F /* Products */,
			);
			sourceTree = "<group>";
		};
		94CAF7C92024F60C00D3660F /* Products */ = {
			isa = PBXGroup;
			children = (
				94CAF7C82024F60C00D3660F /* Power Animals Unleashed.app */,
				94CAF7DC2024F60C00D3660F /* Power Animals UnleashedTests.xctest */,
				94CAF7E72024F60C00D3660F /* Power Animals UnleashedUITests.xctest */,
			);
			name = Products;
			sourceTree = "<group>";
		};
		94CAF7CA2024F60C00D3660F /* Power Animals Unleashed */ = {
			isa = PBXGroup;
			children = (
				94CAF7CB2024F60C00D3660F /* AppDelegate.swift */,
				94CAF7CD2024F60C00D3660F /* ViewController.swift */,
				94CAF7CF2024F60C00D3660F /* Main.storyboard */,
				94CAF7D22024F60C00D3660F /* Assets.xcassets */,
				94CAF7D42024F60C00D3660F /* LaunchScreen.storyboard */,
				94CAF7D72024F60C00D3660F /* Info.plist */,
			);
			path = "Power Animals Unleashed";
			sourceTree = "<group>";
		};
		94CAF7DF2024F60C00D3660F /* Power Animals UnleashedTests */ = {
			isa = PBXGroup;
			children = (
				94CAF7E02024F60C00D3660F /* Power_Animals_UnleashedTests.swift */,
				94CAF7E22024F60C00D3660F /* Info.plist */,
			);
			path = "Power Animals UnleashedTests";
			sourceTree = "<group>";
		};
		94CAF7EA2024F60C00D3660F /* Power Animals UnleashedUITests */ = {
			isa = PBXGroup;
			children = (
				94CAF7EB2024F60C00D3660F /* Power_Animals_UnleashedUITests.swift */,
				94CAF7ED2024F60C00D3660F /* Info.plist */,
			);
			path = "Power Animals UnleashedUITests";
			sourceTree = "<group>";
		};
/* End PBXGroup section */

/* Begin PBXNativeTarget section */
		94CAF7C72024F60C00D3660F /* Power Animals Unleashed */ = {
			isa = PBXNativeTarget;
			buildConfigurationList = 94CAF7F02024F60C00D3660F /* Build configuration list for PBXNativeTarget "Power Animals Unleashed" */;
			buildPhases = (
				94CAF7C42024F60C00D3660F /* Sources */,
				94CAF7C52024F60C00D3660F /* Frameworks */,
				94CAF7C62024F60C00D3660F /* Resources */,
			);
			buildRules = (
			);
			dependencies = (
			);
			name = "Power Animals Unleashed";
			productName = "Power Animals Unleashed";
			productReference = 94CAF7C82024F60C00D3660F /* Power Animals Unleashed.app */;
			productType = "com.apple.product-type.application";
		};
		94CAF7DB2024F60C00D3660F /* Power Animals UnleashedTests */ = {
			isa = PBXNativeTarget;
			buildConfigurationList = 94CAF7F32024F60C00D3660F /* Build configuration list for PBXNativeTarget "Power Animals UnleashedTests" */;
			buildPhases = (
				94CAF7D82024F60C00D3660F /* Sources */,
				94CAF7D92024F60C00D3660F /* Frameworks */,
				94CAF7DA2024F60C00D3660F /* Resources */,
			);
			buildRules = (
			);
			dependencies = (
				94CAF7DE2024F60C00D3660F /* PBXTargetDependency */,
			);
			name = "Power Animals UnleashedTests";
			productName = "Power Animals UnleashedTests";
			productReference = 94CAF7DC2024F60C00D3660F /* Power Animals UnleashedTests.xctest */;
			productType = "com.apple.product-type.bundle.unit-test";
		};
		94CAF7E62024F60C00D3660F /* Power Animals UnleashedUITests */ = {
			isa = PBXNativeTarget;
			buildConfigurationList = 94CAF7F62024F60C00D3660F /* Build configuration list for PBXNativeTarget "Power Animals UnleashedUITests" */;
			buildPhases = (
				94CAF7E32024F60C00D3660F /* Sources */,
				94CAF7E42024F60C00D3660F /* Frameworks */,
				94CAF7E52024F60C00D3660F /* Resources */,
			);
			buildRules = (
			);
			dependencies = (
				94CAF7E92024F60C00D3660F /* PBXTargetDependency */,
			);
			name = "Power Animals UnleashedUITests";
			productName = "Power Animals UnleashedUITests";
			productReference = 94CAF7E72024F60C00D3660F /* Power Animals UnleashedUITests.xctest */;
			productType = "com.apple.product-type.bundle.ui-testing";
		};
/* End PBXNativeTarget section */

/* Begin PBXProject section */
		94CAF7C02024F60C00D3660F /* Project object */ = {
			isa = PBXProject;
			attributes = {
				LastSwiftUpdateCheck = 0920;
				LastUpgradeCheck = 0920;
				ORGANIZATIONNAME = "Scott Daly";
				TargetAttributes = {
					94CAF7C72024F60C00D3660F = {
						CreatedOnToolsVersion = 9.2;
						ProvisioningStyle = Automatic;
					};
					94CAF7DB2024F60C00D3660F = {
						CreatedOnToolsVersion = 9.2;
						ProvisioningStyle = Automatic;
						TestTargetID = 94CAF7C72024F60C00D3660F;
					};
					94CAF7E62024F60C00D3660F = {
						CreatedOnToolsVersion = 9.2;
						ProvisioningStyle = Automatic;
						TestTargetID = 94CAF7C72024F60C00D3660F;
					};
				};
			};
			buildConfigurationList = 94CAF7C32024F60C00D3660F /* Build configuration list for PBXProject "Power Animals Unleashed" */;
			compatibilityVersion = "Xcode 8.0";
			developmentRegion = en;
			hasScannedForEncodings = 0;
			knownRegions = (
				en,
				Base,
			);
			mainGroup = 94CAF7BF2024F60C00D3660F;
			productRefGroup = 94CAF7C92024F60C00D3660F /* Products */;
			projectDirPath = "";
			projectRoot = "";
			targets = (
				94CAF7C72024F60C00D3660F /* Power Animals Unleashed */,
				94CAF7DB2024F60C00D3660F /* Power Animals UnleashedTests */,
				94CAF7E62024F60C00D3660F /* Power Animals UnleashedUITests */,
			);
		};
/* End PBXProject section */

/* Begin PBXResourcesBuildPhase section */
		94CAF7C62024F60C00D3660F /* Resources */ = {
			isa = PBXResourcesBuildPhase;
			buildActionMask = 2147483647;
			files = (
				94CAF7D62024F60C00D3660F /* LaunchScreen.storyboard in Resources */,
				94CAF7D32024F60C00D3660F /* Assets.xcassets in Resources */,
				94CAF7D12024F60C00D3660F /* Main.storyboard in Resources */,
			);
			runOnlyForDeploymentPostprocessing = 0;
		};
		94CAF7DA2024F60C00D3660F /* Resources */ = {
			isa = PBXResourcesBuildPhase;
			buildActionMask = 2147483647;
			files = (
			);
			runOnlyForDeploymentPostprocessing = 0;
		};
		94CAF7E52024F60C00D3660F /* Resources */ = {
			isa = PBXResourcesBuildPhase;
			buildActionMask = 2147483647;
			files = (
			);
			runOnlyForDeploymentPostprocessing = 0;
		};
/* End PBXResourcesBuildPhase section */

/* Begin PBXSourcesBuildPhase section */
		94CAF7C42024F60C00D3660F /* Sources */ = {
			isa = PBXSourcesBuildPhase;
			buildActionMask = 2147483647;
			files = (
				94CAF7CE2024F60C00D3660F /* ViewController.swift in Sources */,
				94CAF7CC2024F60C00D3660F /* AppDelegate.swift in Sources */,
			);
			runOnlyForDeploymentPostprocessing = 0;
		};
		94CAF7D82024F60C00D3660F /* Sources */ = {
			isa = PBXSourcesBuildPhase;
			buildActionMask = 2147483647;
			files = (
				94CAF7E12024F60C00D3660F /* Power_Animals_UnleashedTests.swift in Sources */,
			);
			runOnlyForDeploymentPostprocessing = 0;
		};
		94CAF7E32024F60C00D3660F /* Sources */ = {
			isa = PBXSourcesBuildPhase;
			buildActionMask = 2147483647;
			files = (
				94CAF7EC2024F60C00D3660F /* Power_Animals_UnleashedUITests.swift in Sources */,
			);
			runOnlyForDeploymentPostprocessing = 0;
		};
/* End PBXSourcesBuildPhase section */

/* Begin PBXTargetDependency section */
		94CAF7DE2024F60C00D3660F /* PBXTargetDependency */ = {
			isa = PBXTargetDependency;
			target = 94CAF7C72024F60C00D3660F /* Power Animals Unleashed */;
			targetProxy = 94CAF7DD2024F60C00D3660F /* PBXContainerItemProxy */;
		};
		94CAF7E92024F60C00D3660F /* PBXTargetDependency */ = {
			isa = PBXTargetDependency;
			target = 94CAF7C72024F60C00D3660F /* Power Animals Unleashed */;
			targetProxy = 94CAF7E82024F60C00D3660F /* PBXContainerItemProxy */;
		};
/* End PBXTargetDependency section */

/* Begin PBXVariantGroup section */
		94CAF7CF2024F60C00D3660F /* Main.storyboard */ = {
			isa = PBXVariantGroup;
			children = (
				94CAF7D02024F60C00D3660F /* Base */,
			);
			name = Main.storyboard;
			sourceTree = "<group>";
		};
		94CAF7D42024F60C00D3660F /* LaunchScreen.storyboard */ = {
			isa = PBXVariantGroup;
			children = (
				94CAF7D52024F60C00D3660F /* Base */,
			);
			name = LaunchScreen.storyboard;
			sourceTree = "<group>";
		};
/* End PBXVariantGroup section */

/* Begin XCBuildConfiguration section */
		94CAF7EE2024F60C00D3660F /* Debug */ = {
			isa = XCBuildConfiguration;
			buildSettings = {
				ALWAYS_SEARCH_USER_PATHS = NO;
				CLANG_ANALYZER_NONNULL = YES;
				CLANG_ANALYZER_NUMBER_OBJECT_CONVERSION = YES_AGGRESSIVE;
				CLANG_CXX_LANGUAGE_STANDARD = "gnu++14";
				CLANG_CXX_LIBRARY = "libc++";
				CLANG_ENABLE_MODULES = YES;
				CLANG_ENABLE_OBJC_ARC = YES;
				CLANG_WARN_BLOCK_CAPTURE_AUTORELEASING = YES;
				CLANG_WARN_BOOL_CONVERSION = YES;
				CLANG_WARN_COMMA = YES;
				CLANG_WARN_CONSTANT_CONVERSION = YES;
				CLANG_WARN_DIRECT_OBJC_ISA_USAGE = YES_ERROR;
				CLANG_WARN_DOCUMENTATION_COMMENTS = YES;
				CLANG_WARN_EMPTY_BODY = YES;
				CLANG_WARN_ENUM_CONVERSION = YES;
				CLANG_WARN_INFINITE_RECURSION = YES;
				CLANG_WARN_INT_CONVERSION = YES;
				CLANG_WARN_NON_LITERAL_NULL_CONVERSION = YES;
				CLANG_WARN_OBJC_LITERAL_CONVERSION = YES;
				CLANG_WARN_OBJC_ROOT_CLASS = YES_ERROR;
				CLANG_WARN_RANGE_LOOP_ANALYSIS = YES;
				CLANG_WARN_STRICT_PROTOTYPES = YES;
				CLANG_WARN_SUSPICIOUS_MOVE = YES;
				CLANG_WARN_UNGUARDED_AVAILABILITY = YES_AGGRESSIVE;
				CLANG_WARN_UNREACHABLE_CODE = YES;
				CLANG_WARN__DUPLICATE_METHOD_MATCH = YES;
				CODE_SIGN_IDENTITY = "iPhone Developer";
				COPY_PHASE_STRIP = NO;
				DEBUG_INFORMATION_FORMAT = dwarf;
				ENABLE_STRICT_OBJC_MSGSEND = YES;
				ENABLE_TESTABILITY = YES;
				GCC_C_LANGUAGE_STANDARD = gnu11;
				GCC_DYNAMIC_NO_PIC = NO;
				GCC_NO_COMMON_BLOCKS = YES;
				GCC_OPTIMIZATION_LEVEL = 0;
				GCC_PREPROCESSOR_DEFINITIONS = (
					"DEBUG=1",
					"$(inherited)",
				);
				GCC_WARN_64_TO_32_BIT_CONVERSION = YES;
				GCC_WARN_ABOUT_RETURN_TYPE = YES_ERROR;
				GCC_WARN_UNDECLARED_SELECTOR = YES;
				GCC_WARN_UNINITIALIZED_AUTOS = YES_AGGRESSIVE;
				GCC_WARN_UNUSED_FUNCTION = YES;
				GCC_WARN_UNUSED_VARIABLE = YES;
				IPHONEOS_DEPLOYMENT_TARGET = 11.2;
				MTL_ENABLE_DEBUG_INFO = YES;
				ONLY_ACTIVE_ARCH = YES;
				SDKROOT = iphoneos;
				SWIFT_ACTIVE_COMPILATION_CONDITIONS = DEBUG;
				SWIFT_OPTIMIZATION_LEVEL = "-Onone";
			};
			name = Debug;
		};
		94CAF7EF2024F60C00D3660F /* Release */ = {
			isa = XCBuildConfiguration;
			buildSettings = {
				ALWAYS_SEARCH_USER_PATHS = NO;
				CLANG_ANALYZER_NONNULL = YES;
				CLANG_ANALYZER_NUMBER_OBJECT_CONVERSION = YES_AGGRESSIVE;
				CLANG_CXX_LANGUAGE_STANDARD = "gnu++14";
				CLANG_CXX_LIBRARY = "libc++";
				CLANG_ENABLE_MODULES = YES;
				CLANG_ENABLE_OBJC_ARC = YES;
				CLANG_WARN_BLOCK_CAPTURE_AUTORELEASING = YES;
				CLANG_WARN_BOOL_CONVERSION = YES;
				CLANG_WARN_COMMA = YES;
				CLANG_WARN_CONSTANT_CONVERSION = YES;
				CLANG_WARN_DIRECT_OBJC_ISA_USAGE = YES_ERROR;
				CLANG_WARN_DOCUMENTATION_COMMENTS = YES;
				CLANG_WARN_EMPTY_BODY = YES;
				CLANG_WARN_ENUM_CONVERSION = YES;
				CLANG_WARN_INFINITE_RECURSION = YES;
				CLANG_WARN_INT_CONVERSION = YES;
				CLANG_WARN_NON_LITERAL_NULL_CONVERSION = YES;
				CLANG_WARN_OBJC_LITERAL_CONVERSION = YES;
				CLANG_WARN_OBJC_ROOT_CLASS = YES_ERROR;
				CLANG_WARN_RANGE_LOOP_ANALYSIS = YES;
				CLANG_WARN_STRICT_PROTOTYPES = YES;
				CLANG_WARN_SUSPICIOUS_MOVE = YES;
				CLANG_WARN_UNGUARDED_AVAILABILITY = YES_AGGRESSIVE;
				CLANG_WARN_UNREACHABLE_CODE = YES;
				CLANG_WARN__DUPLICATE_METHOD_MATCH = YES;
				CODE_SIGN_IDENTITY = "iPhone Developer";
				COPY_PHASE_STRIP = NO;
				DEBUG_INFORMATION_FORMAT = "dwarf-with-dsym";
				ENABLE_NS_ASSERTIONS = NO;
				ENABLE_STRICT_OBJC_MSGSEND = YES;
				GCC_C_LANGUAGE_STANDARD = gnu11;
				GCC_NO_COMMON_BLOCKS = YES;
				GCC_WARN_64_TO_32_BIT_CONVERSION = YES;
				GCC_WARN_ABOUT_RETURN_TYPE = YES_ERROR;
				GCC_WARN_UNDECLARED_SELECTOR = YES;
				GCC_WARN_UNINITIALIZED_AUTOS = YES_AGGRESSIVE;
				GCC_WARN_UNUSED_FUNCTION = YES;
				GCC_WARN_UNUSED_VARIABLE = YES;
				IPHONEOS_DEPLOYMENT_TARGET = 11.2;
				MTL_ENABLE_DEBUG_INFO = NO;
				SDKROOT = iphoneos;
				SWIFT_OPTIMIZATION_LEVEL = "-Owholemodule";
				VALIDATE_PRODUCT = YES;
			};
			name = Release;
		};
		94CAF7F12024F60C00D3660F /* Debug */ = {
			isa = XCBuildConfiguration;
			buildSettings = {
				ASSETCATALOG_COMPILER_APPICON_NAME = AppIcon;
				CODE_SIGN_STYLE = Automatic;
				INFOPLIST_FILE = "Power Animals Unleashed/Info.plist";
				LD_RUNPATH_SEARCH_PATHS = "$(inherited) @executable_path/Frameworks";
				PRODUCT_BUNDLE_IDENTIFIER = "com.scottdaly.Power-Animals-Unleashed";
				PRODUCT_NAME = "$(TARGET_NAME)";
				SWIFT_VERSION = 4.0;
				TARGETED_DEVICE_FAMILY = "1,2";
			};
			name = Debug;
		};
		94CAF7F22024F60C00D3660F /* Release */ = {
			isa = XCBuildConfiguration;
			buildSettings = {
				ASSETCATALOG_COMPILER_APPICON_NAME = AppIcon;
				CODE_SIGN_STYLE = Automatic;
				INFOPLIST_FILE = "Power Animals Unleashed/Info.plist";
				LD_RUNPATH_SEARCH_PATHS = "$(inherited) @executable_path/Frameworks";
				PRODUCT_BUNDLE_IDENTIFIER = "com.scottdaly.Power-Animals-Unleashed";
				PRODUCT_NAME = "$(TARGET_NAME)";
				SWIFT_VERSION = 4.0;
				TARGETED_DEVICE_FAMILY = "1,2";
			};
			name = Release;
		};
		94CAF7F42024F60C00D3660F /* Debug */ = {
			isa = XCBuildConfiguration;
			buildSettings = {
				ALWAYS_EMBED_SWIFT_STANDARD_LIBRARIES = YES;
				BUNDLE_LOADER = "$(TEST_HOST)";
				CODE_SIGN_STYLE = Automatic;
				INFOPLIST_FILE = "Power Animals UnleashedTests/Info.plist";
				LD_RUNPATH_SEARCH_PATHS = "$(inherited) @executable_path/Frameworks @loader_path/Frameworks";
				PRODUCT_BUNDLE_IDENTIFIER = "com.scottdaly.Power-Animals-UnleashedTests";
				PRODUCT_NAME = "$(TARGET_NAME)";
				SWIFT_VERSION = 4.0;
				TARGETED_DEVICE_FAMILY = "1,2";
				TEST_HOST = "$(BUILT_PRODUCTS_DIR)/Power Animals Unleashed.app/Power Animals Unleashed";
			};
			name = Debug;
		};
		94CAF7F52024F60C00D3660F /* Release */ = {
			isa = XCBuildConfiguration;
			buildSettings = {
				ALWAYS_EMBED_SWIFT_STANDARD_LIBRARIES = YES;
				BUNDLE_LOADER = "$(TEST_HOST)";
				CODE_SIGN_STYLE = Automatic;
				INFOPLIST_FILE = "Power Animals UnleashedTests/Info.plist";
				LD_RUNPATH_SEARCH_PATHS = "$(inherited) @executable_path/Frameworks @loader_path/Frameworks";
				PRODUCT_BUNDLE_IDENTIFIER = "com.scottdaly.Power-Animals-UnleashedTests";
				PRODUCT_NAME = "$(TARGET_NAME)";
				SWIFT_VERSION = 4.0;
				TARGETED_DEVICE_FAMILY = "1,2";
				TEST_HOST = "$(BUILT_PRODUCTS_DIR)/Power Animals Unleashed.app/Power Animals Unleashed";
			};
			name = Release;
		};
		94CAF7F72024F60C00D3660F /* Debug */ = {
			isa = XCBuildConfiguration;
			buildSettings = {
				ALWAYS_EMBED_SWIFT_STANDARD_LIBRARIES = YES;
				CODE_SIGN_STYLE = Automatic;
				INFOPLIST_FILE = "Power Animals UnleashedUITests/Info.plist";
				LD_RUNPATH_SEARCH_PATHS = "$(inherited) @executable_path/Frameworks @loader_path/Frameworks";
				PRODUCT_BUNDLE_IDENTIFIER = "com.scottdaly.Power-Animals-UnleashedUITests";
				PRODUCT_NAME = "$(TARGET_NAME)";
				SWIFT_VERSION = 4.0;
				TARGETED_DEVICE_FAMILY = "1,2";
				TEST_TARGET_NAME = "Power Animals Unleashed";
			};
			name = Debug;
		};
		94CAF7F82024F60C00D3660F /* Release */ = {
			isa = XCBuildConfiguration;
			buildSettings = {
				ALWAYS_EMBED_SWIFT_STANDARD_LIBRARIES = YES;
				CODE_SIGN_STYLE = Automatic;
				INFOPLIST_FILE = "Power Animals UnleashedUITests/Info.plist";
				LD_RUNPATH_SEARCH_PATHS = "$(inherited) @executable_path/Frameworks @loader_path/Frameworks";
				PRODUCT_BUNDLE_IDENTIFIER = "com.scottdaly.Power-Animals-UnleashedUITests";
				PRODUCT_NAME = "$(TARGET_NAME)";
				SWIFT_VERSION = 4.0;
				TARGETED_DEVICE_FAMILY = "1,2";
				TEST_TARGET_NAME = "Power Animals Unleashed";
			};
			name = Release;
		};
/* End XCBuildConfiguration section */

/* Begin XCConfigurationList section */
		94CAF7C32024F60C00D3660F /* Build configuration list for PBXProject "Power Animals Unleashed" */ = {
			isa = XCConfigurationList;
			buildConfigurations = (
				94CAF7EE2024F60C00D3660F /* Debug */,
				94CAF7EF2024F60C00D3660F /* Release */,
			);
			defaultConfigurationIsVisible = 0;
			defaultConfigurationName = Release;
		};
		94CAF7F02024F60C00D3660F /* Build configuration list for PBXNativeTarget "Power Animals Unleashed" */ = {
			isa = XCConfigurationList;
			buildConfigurations = (
				94CAF7F12024F60C00D3660F /* Debug */,
				94CAF7F22024F60C00D3660F /* Release */,
			);
			defaultConfigurationIsVisible = 0;
			defaultConfigurationName = Release;
		};
		94CAF7F32024F60C00D3660F /* Build configuration list for PBXNativeTarget "Power Animals UnleashedTests" */ = {
			isa = XCConfigurationList;
			buildConfigurations = (
				94CAF7F42024F60C00D3660F /* Debug */,
				94CAF7F52024F60C00D3660F /* Release */,
			);
			defaultConfigurationIsVisible = 0;
			defaultConfigurationName = Release;
		};
		94CAF7F62024F60C00D3660F /* Build configuration list for PBXNativeTarget "Power Animals UnleashedUITests" */ = {
			isa = XCConfigurationList;
			buildConfigurations = (
				94CAF7F72024F60C00D3660F /* Debug */,
				94CAF7F82024F60C00D3660F /* Release */,
			);
			defaultConfigurationIsVisible = 0;
			defaultConfigurationName = Release;
		};
/* End XCConfigurationList section */
	};
	rootObject = 94CAF7C02024F60C00D3660F /* Project object */;
}
